// !$*UTF8*$!
{
	archiveVersion = 1;
	classes = {
	};
	objectVersion = 50;
	objects = {

/* Begin PBXBuildFile section */
		79F248B024F7891B000D2666 /* AppDelegate.swift in Sources */ = {isa = PBXBuildFile; fileRef = 79F248AF24F7891B000D2666 /* AppDelegate.swift */; };
		79F248B424F7891B000D2666 /* ViewController.swift in Sources */ = {isa = PBXBuildFile; fileRef = 79F248B324F7891B000D2666 /* ViewController.swift */; };
		79F248B724F7891B000D2666 /* Main.storyboard in Resources */ = {isa = PBXBuildFile; fileRef = 79F248B524F7891B000D2666 /* Main.storyboard */; };
		79F248B924F7891E000D2666 /* Assets.xcassets in Resources */ = {isa = PBXBuildFile; fileRef = 79F248B824F7891E000D2666 /* Assets.xcassets */; };
		79F248BC24F7891E000D2666 /* LaunchScreen.storyboard in Resources */ = {isa = PBXBuildFile; fileRef = 79F248BA24F7891E000D2666 /* LaunchScreen.storyboard */; };
		79F248C724F7891E000D2666 /* MobileViewerTests.swift in Sources */ = {isa = PBXBuildFile; fileRef = 79F248C624F7891E000D2666 /* MobileViewerTests.swift */; };
		79F248D224F7891E000D2666 /* MobileViewerUITests.swift in Sources */ = {isa = PBXBuildFile; fileRef = 79F248D124F7891E000D2666 /* MobileViewerUITests.swift */; };
/* End PBXBuildFile section */

/* Begin PBXContainerItemProxy section */
		79F248C324F7891E000D2666 /* PBXContainerItemProxy */ = {
			isa = PBXContainerItemProxy;
			containerPortal = 79F248A424F7891B000D2666 /* Project object */;
			proxyType = 1;
			remoteGlobalIDString = 79F248AB24F7891B000D2666;
			remoteInfo = MobileViewer;
		};
		79F248CE24F7891E000D2666 /* PBXContainerItemProxy */ = {
			isa = PBXContainerItemProxy;
			containerPortal = 79F248A424F7891B000D2666 /* Project object */;
			proxyType = 1;
			remoteGlobalIDString = 79F248AB24F7891B000D2666;
			remoteInfo = MobileViewer;
		};
/* End PBXContainerItemProxy section */

/* Begin PBXFileReference section */
		79F248AC24F7891B000D2666 /* MobileViewer.app */ = {isa = PBXFileReference; explicitFileType = wrapper.application; includeInIndex = 0; path = MobileViewer.app; sourceTree = BUILT_PRODUCTS_DIR; };
		79F248AF24F7891B000D2666 /* AppDelegate.swift */ = {isa = PBXFileReference; lastKnownFileType = sourcecode.swift; path = AppDelegate.swift; sourceTree = "<group>"; };
		79F248B324F7891B000D2666 /* ViewController.swift */ = {isa = PBXFileReference; lastKnownFileType = sourcecode.swift; path = ViewController.swift; sourceTree = "<group>"; };
		79F248B624F7891B000D2666 /* Base */ = {isa = PBXFileReference; lastKnownFileType = file.storyboard; name = Base; path = Base.lproj/Main.storyboard; sourceTree = "<group>"; };
		79F248B824F7891E000D2666 /* Assets.xcassets */ = {isa = PBXFileReference; lastKnownFileType = folder.assetcatalog; path = Assets.xcassets; sourceTree = "<group>"; };
		79F248BB24F7891E000D2666 /* Base */ = {isa = PBXFileReference; lastKnownFileType = file.storyboard; name = Base; path = Base.lproj/LaunchScreen.storyboard; sourceTree = "<group>"; };
		79F248BD24F7891E000D2666 /* Info.plist */ = {isa = PBXFileReference; lastKnownFileType = text.plist.xml; path = Info.plist; sourceTree = "<group>"; };
		79F248C224F7891E000D2666 /* MobileViewerTests.xctest */ = {isa = PBXFileReference; explicitFileType = wrapper.cfbundle; includeInIndex = 0; path = MobileViewerTests.xctest; sourceTree = BUILT_PRODUCTS_DIR; };
		79F248C624F7891E000D2666 /* MobileViewerTests.swift */ = {isa = PBXFileReference; lastKnownFileType = sourcecode.swift; path = MobileViewerTests.swift; sourceTree = "<group>"; };
		79F248C824F7891E000D2666 /* Info.plist */ = {isa = PBXFileReference; lastKnownFileType = text.plist.xml; path = Info.plist; sourceTree = "<group>"; };
		79F248CD24F7891E000D2666 /* MobileViewerUITests.xctest */ = {isa = PBXFileReference; explicitFileType = wrapper.cfbundle; includeInIndex = 0; path = MobileViewerUITests.xctest; sourceTree = BUILT_PRODUCTS_DIR; };
		79F248D124F7891E000D2666 /* MobileViewerUITests.swift */ = {isa = PBXFileReference; lastKnownFileType = sourcecode.swift; path = MobileViewerUITests.swift; sourceTree = "<group>"; };
		79F248D324F7891E000D2666 /* Info.plist */ = {isa = PBXFileReference; lastKnownFileType = text.plist.xml; path = Info.plist; sourceTree = "<group>"; };
/* End PBXFileReference section */

/* Begin PBXFrameworksBuildPhase section */
		79F248A924F7891B000D2666 /* Frameworks */ = {
			isa = PBXFrameworksBuildPhase;
			buildActionMask = 2147483647;
			files = (
			);
			runOnlyForDeploymentPostprocessing = 0;
		};
		79F248BF24F7891E000D2666 /* Frameworks */ = {
			isa = PBXFrameworksBuildPhase;
			buildActionMask = 2147483647;
			files = (
			);
			runOnlyForDeploymentPostprocessing = 0;
		};
		79F248CA24F7891E000D2666 /* Frameworks */ = {
			isa = PBXFrameworksBuildPhase;
			buildActionMask = 2147483647;
			files = (
			);
			runOnlyForDeploymentPostprocessing = 0;
		};
/* End PBXFrameworksBuildPhase section */

/* Begin PBXGroup section */
		79F248A324F7891B000D2666 = {
			isa = PBXGroup;
			children = (
				79F248AE24F7891B000D2666 /* MobileViewer */,
				79F248C524F7891E000D2666 /* MobileViewerTests */,
				79F248D024F7891E000D2666 /* MobileViewerUITests */,
				79F248AD24F7891B000D2666 /* Products */,
			);
			sourceTree = "<group>";
		};
		79F248AD24F7891B000D2666 /* Products */ = {
			isa = PBXGroup;
			children = (
				79F248AC24F7891B000D2666 /* MobileViewer.app */,
				79F248C224F7891E000D2666 /* MobileViewerTests.xctest */,
				79F248CD24F7891E000D2666 /* MobileViewerUITests.xctest */,
			);
			name = Products;
			sourceTree = "<group>";
		};
		79F248AE24F7891B000D2666 /* MobileViewer */ = {
			isa = PBXGroup;
			children = (
				79F248AF24F7891B000D2666 /* AppDelegate.swift */,
				79F248B324F7891B000D2666 /* ViewController.swift */,
				79F248B524F7891B000D2666 /* Main.storyboard */,
				79F248B824F7891E000D2666 /* Assets.xcassets */,
				79F248BA24F7891E000D2666 /* LaunchScreen.storyboard */,
				79F248BD24F7891E000D2666 /* Info.plist */,
			);
			path = MobileViewer;
			sourceTree = "<group>";
		};
		79F248C524F7891E000D2666 /* MobileViewerTests */ = {
			isa = PBXGroup;
			children = (
				79F248C624F7891E000D2666 /* MobileViewerTests.swift */,
				79F248C824F7891E000D2666 /* Info.plist */,
			);
			path = MobileViewerTests;
			sourceTree = "<group>";
		};
		79F248D024F7891E000D2666 /* MobileViewerUITests */ = {
			isa = PBXGroup;
			children = (
				79F248D124F7891E000D2666 /* MobileViewerUITests.swift */,
				79F248D324F7891E000D2666 /* Info.plist */,
			);
			path = MobileViewerUITests;
			sourceTree = "<group>";
		};
/* End PBXGroup section */

/* Begin PBXNativeTarget section */
		79F248AB24F7891B000D2666 /* MobileViewer */ = {
			isa = PBXNativeTarget;
			buildConfigurationList = 79F248D624F7891E000D2666 /* Build configuration list for PBXNativeTarget "MobileViewer" */;
			buildPhases = (
				79F248A824F7891B000D2666 /* Sources */,
				79F248A924F7891B000D2666 /* Frameworks */,
				79F248AA24F7891B000D2666 /* Resources */,
			);
			buildRules = (
			);
			dependencies = (
			);
			name = MobileViewer;
			productName = MobileViewer;
			productReference = 79F248AC24F7891B000D2666 /* MobileViewer.app */;
			productType = "com.apple.product-type.application";
		};
		79F248C124F7891E000D2666 /* MobileViewerTests */ = {
			isa = PBXNativeTarget;
			buildConfigurationList = 79F248D924F7891E000D2666 /* Build configuration list for PBXNativeTarget "MobileViewerTests" */;
			buildPhases = (
				79F248BE24F7891E000D2666 /* Sources */,
				79F248BF24F7891E000D2666 /* Frameworks */,
				79F248C024F7891E000D2666 /* Resources */,
			);
			buildRules = (
			);
			dependencies = (
				79F248C424F7891E000D2666 /* PBXTargetDependency */,
			);
			name = MobileViewerTests;
			productName = MobileViewerTests;
			productReference = 79F248C224F7891E000D2666 /* MobileViewerTests.xctest */;
			productType = "com.apple.product-type.bundle.unit-test";
		};
		79F248CC24F7891E000D2666 /* MobileViewerUITests */ = {
			isa = PBXNativeTarget;
			buildConfigurationList = 79F248DC24F7891E000D2666 /* Build configuration list for PBXNativeTarget "MobileViewerUITests" */;
			buildPhases = (
				79F248C924F7891E000D2666 /* Sources */,
				79F248CA24F7891E000D2666 /* Frameworks */,
				79F248CB24F7891E000D2666 /* Resources */,
			);
			buildRules = (
			);
			dependencies = (
				79F248CF24F7891E000D2666 /* PBXTargetDependency */,
			);
			name = MobileViewerUITests;
			productName = MobileViewerUITests;
			productReference = 79F248CD24F7891E000D2666 /* MobileViewerUITests.xctest */;
			productType = "com.apple.product-type.bundle.ui-testing";
		};
/* End PBXNativeTarget section */

/* Begin PBXProject section */
		79F248A424F7891B000D2666 /* Project object */ = {
			isa = PBXProject;
			attributes = {
				LastSwiftUpdateCheck = 1160;
				LastUpgradeCheck = 1160;
				ORGANIZATIONNAME = CHEEBOW;
				TargetAttributes = {
					79F248AB24F7891B000D2666 = {
						CreatedOnToolsVersion = 11.6;
					};
					79F248C124F7891E000D2666 = {
						CreatedOnToolsVersion = 11.6;
						TestTargetID = 79F248AB24F7891B000D2666;
					};
					79F248CC24F7891E000D2666 = {
						CreatedOnToolsVersion = 11.6;
						TestTargetID = 79F248AB24F7891B000D2666;
					};
				};
			};
			buildConfigurationList = 79F248A724F7891B000D2666 /* Build configuration list for PBXProject "MobileViewer" */;
			compatibilityVersion = "Xcode 9.3";
			developmentRegion = en;
			hasScannedForEncodings = 0;
			knownRegions = (
				en,
				Base,
			);
			mainGroup = 79F248A324F7891B000D2666;
			productRefGroup = 79F248AD24F7891B000D2666 /* Products */;
			projectDirPath = "";
			projectRoot = "";
			targets = (
				79F248AB24F7891B000D2666 /* MobileViewer */,
				79F248C124F7891E000D2666 /* MobileViewerTests */,
				79F248CC24F7891E000D2666 /* MobileViewerUITests */,
			);
		};
/* End PBXProject section */

/* Begin PBXResourcesBuildPhase section */
		79F248AA24F7891B000D2666 /* Resources */ = {
			isa = PBXResourcesBuildPhase;
			buildActionMask = 2147483647;
			files = (
				79F248BC24F7891E000D2666 /* LaunchScreen.storyboard in Resources */,
				79F248B924F7891E000D2666 /* Assets.xcassets in Resources */,
				79F248B724F7891B000D2666 /* Main.storyboard in Resources */,
			);
			runOnlyForDeploymentPostprocessing = 0;
		};
		79F248C024F7891E000D2666 /* Resources */ = {
			isa = PBXResourcesBuildPhase;
			buildActionMask = 2147483647;
			files = (
			);
			runOnlyForDeploymentPostprocessing = 0;
		};
		79F248CB24F7891E000D2666 /* Resources */ = {
			isa = PBXResourcesBuildPhase;
			buildActionMask = 2147483647;
			files = (
			);
			runOnlyForDeploymentPostprocessing = 0;
		};
/* End PBXResourcesBuildPhase section */

/* Begin PBXSourcesBuildPhase section */
		79F248A824F7891B000D2666 /* Sources */ = {
			isa = PBXSourcesBuildPhase;
			buildActionMask = 2147483647;
			files = (
				79F248B424F7891B000D2666 /* ViewController.swift in Sources */,
				79F248B024F7891B000D2666 /* AppDelegate.swift in Sources */,
			);
			runOnlyForDeploymentPostprocessing = 0;
		};
		79F248BE24F7891E000D2666 /* Sources */ = {
			isa = PBXSourcesBuildPhase;
			buildActionMask = 2147483647;
			files = (
				79F248C724F7891E000D2666 /* MobileViewerTests.swift in Sources */,
			);
			runOnlyForDeploymentPostprocessing = 0;
		};
		79F248C924F7891E000D2666 /* Sources */ = {
			isa = PBXSourcesBuildPhase;
			buildActionMask = 2147483647;
			files = (
				79F248D224F7891E000D2666 /* MobileViewerUITests.swift in Sources */,
			);
			runOnlyForDeploymentPostprocessing = 0;
		};
/* End PBXSourcesBuildPhase section */

/* Begin PBXTargetDependency section */
		79F248C424F7891E000D2666 /* PBXTargetDependency */ = {
			isa = PBXTargetDependency;
			target = 79F248AB24F7891B000D2666 /* MobileViewer */;
			targetProxy = 79F248C324F7891E000D2666 /* PBXContainerItemProxy */;
		};
		79F248CF24F7891E000D2666 /* PBXTargetDependency */ = {
			isa = PBXTargetDependency;
			target = 79F248AB24F7891B000D2666 /* MobileViewer */;
			targetProxy = 79F248CE24F7891E000D2666 /* PBXContainerItemProxy */;
		};
/* End PBXTargetDependency section */

/* Begin PBXVariantGroup section */
		79F248B524F7891B000D2666 /* Main.storyboard */ = {
			isa = PBXVariantGroup;
			children = (
				79F248B624F7891B000D2666 /* Base */,
			);
			name = Main.storyboard;
			sourceTree = "<group>";
		};
		79F248BA24F7891E000D2666 /* LaunchScreen.storyboard */ = {
			isa = PBXVariantGroup;
			children = (
				79F248BB24F7891E000D2666 /* Base */,
			);
			name = LaunchScreen.storyboard;
			sourceTree = "<group>";
		};
/* End PBXVariantGroup section */

/* Begin XCBuildConfiguration section */
		79F248D424F7891E000D2666 /* Debug */ = {
			isa = XCBuildConfiguration;
			buildSettings = {
				ALWAYS_SEARCH_USER_PATHS = NO;
				CLANG_ANALYZER_NONNULL = YES;
				CLANG_ANALYZER_NUMBER_OBJECT_CONVERSION = YES_AGGRESSIVE;
				CLANG_CXX_LANGUAGE_STANDARD = "gnu++14";
				CLANG_CXX_LIBRARY = "libc++";
				CLANG_ENABLE_MODULES = YES;
				CLANG_ENABLE_OBJC_ARC = YES;
				CLANG_ENABLE_OBJC_WEAK = YES;
				CLANG_WARN_BLOCK_CAPTURE_AUTORELEASING = YES;
				CLANG_WARN_BOOL_CONVERSION = YES;
				CLANG_WARN_COMMA = YES;
				CLANG_WARN_CONSTANT_CONVERSION = YES;
				CLANG_WARN_DEPRECATED_OBJC_IMPLEMENTATIONS = YES;
				CLANG_WARN_DIRECT_OBJC_ISA_USAGE = YES_ERROR;
				CLANG_WARN_DOCUMENTATION_COMMENTS = YES;
				CLANG_WARN_EMPTY_BODY = YES;
				CLANG_WARN_ENUM_CONVERSION = YES;
				CLANG_WARN_INFINITE_RECURSION = YES;
				CLANG_WARN_INT_CONVERSION = YES;
				CLANG_WARN_NON_LITERAL_NULL_CONVERSION = YES;
				CLANG_WARN_OBJC_IMPLICIT_RETAIN_SELF = YES;
				CLANG_WARN_OBJC_LITERAL_CONVERSION = YES;
				CLANG_WARN_OBJC_ROOT_CLASS = YES_ERROR;
				CLANG_WARN_RANGE_LOOP_ANALYSIS = YES;
				CLANG_WARN_STRICT_PROTOTYPES = YES;
				CLANG_WARN_SUSPICIOUS_MOVE = YES;
				CLANG_WARN_UNGUARDED_AVAILABILITY = YES_AGGRESSIVE;
				CLANG_WARN_UNREACHABLE_CODE = YES;
				CLANG_WARN__DUPLICATE_METHOD_MATCH = YES;
				COPY_PHASE_STRIP = NO;
				DEBUG_INFORMATION_FORMAT = dwarf;
				ENABLE_STRICT_OBJC_MSGSEND = YES;
				ENABLE_TESTABILITY = YES;
				GCC_C_LANGUAGE_STANDARD = gnu11;
				GCC_DYNAMIC_NO_PIC = NO;
				GCC_NO_COMMON_BLOCKS = YES;
				GCC_OPTIMIZATION_LEVEL = 0;
				GCC_PREPROCESSOR_DEFINITIONS = (
					"DEBUG=1",
					"$(inherited)",
				);
				GCC_WARN_64_TO_32_BIT_CONVERSION = YES;
				GCC_WARN_ABOUT_RETURN_TYPE = YES_ERROR;
				GCC_WARN_UNDECLARED_SELECTOR = YES;
				GCC_WARN_UNINITIALIZED_AUTOS = YES_AGGRESSIVE;
				GCC_WARN_UNUSED_FUNCTION = YES;
				GCC_WARN_UNUSED_VARIABLE = YES;
				IPHONEOS_DEPLOYMENT_TARGET = 13.6;
				MTL_ENABLE_DEBUG_INFO = INCLUDE_SOURCE;
				MTL_FAST_MATH = YES;
				ONLY_ACTIVE_ARCH = YES;
				SDKROOT = iphoneos;
				SWIFT_ACTIVE_COMPILATION_CONDITIONS = DEBUG;
				SWIFT_OPTIMIZATION_LEVEL = "-Onone";
			};
			name = Debug;
		};
		79F248D524F7891E000D2666 /* Release */ = {
			isa = XCBuildConfiguration;
			buildSettings = {
				ALWAYS_SEARCH_USER_PATHS = NO;
				CLANG_ANALYZER_NONNULL = YES;
				CLANG_ANALYZER_NUMBER_OBJECT_CONVERSION = YES_AGGRESSIVE;
				CLANG_CXX_LANGUAGE_STANDARD = "gnu++14";
				CLANG_CXX_LIBRARY = "libc++";
				CLANG_ENABLE_MODULES = YES;
				CLANG_ENABLE_OBJC_ARC = YES;
				CLANG_ENABLE_OBJC_WEAK = YES;
				CLANG_WARN_BLOCK_CAPTURE_AUTORELEASING = YES;
				CLANG_WARN_BOOL_CONVERSION = YES;
				CLANG_WARN_COMMA = YES;
				CLANG_WARN_CONSTANT_CONVERSION = YES;
				CLANG_WARN_DEPRECATED_OBJC_IMPLEMENTATIONS = YES;
				CLANG_WARN_DIRECT_OBJC_ISA_USAGE = YES_ERROR;
				CLANG_WARN_DOCUMENTATION_COMMENTS = YES;
				CLANG_WARN_EMPTY_BODY = YES;
				CLANG_WARN_ENUM_CONVERSION = YES;
				CLANG_WARN_INFINITE_RECURSION = YES;
				CLANG_WARN_INT_CONVERSION = YES;
				CLANG_WARN_NON_LITERAL_NULL_CONVERSION = YES;
				CLANG_WARN_OBJC_IMPLICIT_RETAIN_SELF = YES;
				CLANG_WARN_OBJC_LITERAL_CONVERSION = YES;
				CLANG_WARN_OBJC_ROOT_CLASS = YES_ERROR;
				CLANG_WARN_RANGE_LOOP_ANALYSIS = YES;
				CLANG_WARN_STRICT_PROTOTYPES = YES;
				CLANG_WARN_SUSPICIOUS_MOVE = YES;
				CLANG_WARN_UNGUARDED_AVAILABILITY = YES_AGGRESSIVE;
				CLANG_WARN_UNREACHABLE_CODE = YES;
				CLANG_WARN__DUPLICATE_METHOD_MATCH = YES;
				COPY_PHASE_STRIP = NO;
				DEBUG_INFORMATION_FORMAT = "dwarf-with-dsym";
				ENABLE_NS_ASSERTIONS = NO;
				ENABLE_STRICT_OBJC_MSGSEND = YES;
				GCC_C_LANGUAGE_STANDARD = gnu11;
				GCC_NO_COMMON_BLOCKS = YES;
				GCC_WARN_64_TO_32_BIT_CONVERSION = YES;
				GCC_WARN_ABOUT_RETURN_TYPE = YES_ERROR;
				GCC_WARN_UNDECLARED_SELECTOR = YES;
				GCC_WARN_UNINITIALIZED_AUTOS = YES_AGGRESSIVE;
				GCC_WARN_UNUSED_FUNCTION = YES;
				GCC_WARN_UNUSED_VARIABLE = YES;
				IPHONEOS_DEPLOYMENT_TARGET = 13.6;
				MTL_ENABLE_DEBUG_INFO = NO;
				MTL_FAST_MATH = YES;
				SDKROOT = iphoneos;
				SWIFT_COMPILATION_MODE = wholemodule;
				SWIFT_OPTIMIZATION_LEVEL = "-O";
				VALIDATE_PRODUCT = YES;
			};
			name = Release;
		};
		79F248D724F7891E000D2666 /* Debug */ = {
			isa = XCBuildConfiguration;
			buildSettings = {
				ASSETCATALOG_COMPILER_APPICON_NAME = AppIcon;
				CODE_SIGN_STYLE = Automatic;
				CURRENT_PROJECT_VERSION = 1.0.0;
				DEVELOPMENT_TEAM = XGR4L2TKWW;
				INFOPLIST_FILE = MobileViewer/Info.plist;
				IPHONEOS_DEPLOYMENT_TARGET = 13.0;
				LD_RUNPATH_SEARCH_PATHS = (
					"$(inherited)",
					"@executable_path/Frameworks",
				);
				MARKETING_VERSION = 1.0.0;
				PRODUCT_BUNDLE_IDENTIFIER = info.cheebow.MobileViewer;
				PRODUCT_NAME = "$(TARGET_NAME)";
				SWIFT_VERSION = 5.0;
				TARGETED_DEVICE_FAMILY = 2;
			};
			name = Debug;
		};
		79F248D824F7891E000D2666 /* Release */ = {
			isa = XCBuildConfiguration;
			buildSettings = {
				ASSETCATALOG_COMPILER_APPICON_NAME = AppIcon;
				CODE_SIGN_STYLE = Automatic;
				CURRENT_PROJECT_VERSION = 1.0.0;
				DEVELOPMENT_TEAM = XGR4L2TKWW;
				INFOPLIST_FILE = MobileViewer/Info.plist;
				IPHONEOS_DEPLOYMENT_TARGET = 13.0;
				LD_RUNPATH_SEARCH_PATHS = (
					"$(inherited)",
					"@executable_path/Frameworks",
				);
				MARKETING_VERSION = 1.0.0;
				PRODUCT_BUNDLE_IDENTIFIER = info.cheebow.MobileViewer;
				PRODUCT_NAME = "$(TARGET_NAME)";
				SWIFT_VERSION = 5.0;
				TARGETED_DEVICE_FAMILY = 2;
			};
			name = Release;
		};
		79F248DA24F7891E000D2666 /* Debug */ = {
			isa = XCBuildConfiguration;
			buildSettings = {
				ALWAYS_EMBED_SWIFT_STANDARD_LIBRARIES = YES;
				BUNDLE_LOADER = "$(TEST_HOST)";
				CODE_SIGN_STYLE = Automatic;
				DEVELOPMENT_TEAM = XGR4L2TKWW;
				INFOPLIST_FILE = MobileViewerTests/Info.plist;
				IPHONEOS_DEPLOYMENT_TARGET = 13.6;
				LD_RUNPATH_SEARCH_PATHS = (
					"$(inherited)",
					"@executable_path/Frameworks",
					"@loader_path/Frameworks",
				);
				PRODUCT_BUNDLE_IDENTIFIER = info.cheebow.MobileViewerTests;
				PRODUCT_NAME = "$(TARGET_NAME)";
				SWIFT_VERSION = 5.0;
				TARGETED_DEVICE_FAMILY = "1,2";
				TEST_HOST = "$(BUILT_PRODUCTS_DIR)/MobileViewer.app/MobileViewer";
			};
			name = Debug;
		};
		79F248DB24F7891E000D2666 /* Release */ = {
			isa = XCBuildConfiguration;
			buildSettings = {
				ALWAYS_EMBED_SWIFT_STANDARD_LIBRARIES = YES;
				BUNDLE_LOADER = "$(TEST_HOST)";
				CODE_SIGN_STYLE = Automatic;
				DEVELOPMENT_TEAM = XGR4L2TKWW;
				INFOPLIST_FILE = MobileViewerTests/Info.plist;
				IPHONEOS_DEPLOYMENT_TARGET = 13.6;
				LD_RUNPATH_SEARCH_PATHS = (
					"$(inherited)",
					"@executable_path/Frameworks",
					"@loader_path/Frameworks",
				);
				PRODUCT_BUNDLE_IDENTIFIER = info.cheebow.MobileViewerTests;
				PRODUCT_NAME = "$(TARGET_NAME)";
				SWIFT_VERSION = 5.0;
				TARGETED_DEVICE_FAMILY = "1,2";
				TEST_HOST = "$(BUILT_PRODUCTS_DIR)/MobileViewer.app/MobileViewer";
			};
			name = Release;
		};
		79F248DD24F7891E000D2666 /* Debug */ = {
			isa = XCBuildConfiguration;
			buildSettings = {
				ALWAYS_EMBED_SWIFT_STANDARD_LIBRARIES = YES;
				CODE_SIGN_STYLE = Automatic;
				DEVELOPMENT_TEAM = XGR4L2TKWW;
				INFOPLIST_FILE = MobileViewerUITests/Info.plist;
				LD_RUNPATH_SEARCH_PATHS = (
					"$(inherited)",
					"@executable_path/Frameworks",
					"@loader_path/Frameworks",
				);
				PRODUCT_BUNDLE_IDENTIFIER = info.cheebow.MobileViewerUITests;
				PRODUCT_NAME = "$(TARGET_NAME)";
				SWIFT_VERSION = 5.0;
				TARGETED_DEVICE_FAMILY = "1,2";
				TEST_TARGET_NAME = MobileViewer;
			};
			name = Debug;
		};
		79F248DE24F7891E000D2666 /* Release */ = {
			isa = XCBuildConfiguration;
			buildSettings = {
				ALWAYS_EMBED_SWIFT_STANDARD_LIBRARIES = YES;
				CODE_SIGN_STYLE = Automatic;
				DEVELOPMENT_TEAM = XGR4L2TKWW;
				INFOPLIST_FILE = MobileViewerUITests/Info.plist;
				LD_RUNPATH_SEARCH_PATHS = (
					"$(inherited)",
					"@executable_path/Frameworks",
					"@loader_path/Frameworks",
				);
				PRODUCT_BUNDLE_IDENTIFIER = info.cheebow.MobileViewerUITests;
				PRODUCT_NAME = "$(TARGET_NAME)";
				SWIFT_VERSION = 5.0;
				TARGETED_DEVICE_FAMILY = "1,2";
				TEST_TARGET_NAME = MobileViewer;
			};
			name = Release;
		};
/* End XCBuildConfiguration section */

/* Begin XCConfigurationList section */
		79F248A724F7891B000D2666 /* Build configuration list for PBXProject "MobileViewer" */ = {
			isa = XCConfigurationList;
			buildConfigurations = (
				79F248D424F7891E000D2666 /* Debug */,
				79F248D524F7891E000D2666 /* Release */,
			);
			defaultConfigurationIsVisible = 0;
			defaultConfigurationName = Release;
		};
		79F248D624F7891E000D2666 /* Build configuration list for PBXNativeTarget "MobileViewer" */ = {
			isa = XCConfigurationList;
			buildConfigurations = (
				79F248D724F7891E000D2666 /* Debug */,
				79F248D824F7891E000D2666 /* Release */,
			);
			defaultConfigurationIsVisible = 0;
			defaultConfigurationName = Release;
		};
		79F248D924F7891E000D2666 /* Build configuration list for PBXNativeTarget "MobileViewerTests" */ = {
			isa = XCConfigurationList;
			buildConfigurations = (
				79F248DA24F7891E000D2666 /* Debug */,
				79F248DB24F7891E000D2666 /* Release */,
			);
			defaultConfigurationIsVisible = 0;
			defaultConfigurationName = Release;
		};
		79F248DC24F7891E000D2666 /* Build configuration list for PBXNativeTarget "MobileViewerUITests" */ = {
			isa = XCConfigurationList;
			buildConfigurations = (
				79F248DD24F7891E000D2666 /* Debug */,
				79F248DE24F7891E000D2666 /* Release */,
			);
			defaultConfigurationIsVisible = 0;
			defaultConfigurationName = Release;
		};
/* End XCConfigurationList section */
	};
	rootObject = 79F248A424F7891B000D2666 /* Project object */;
}
